// !$*UTF8*$!
{
	archiveVersion = 1;
	classes = {
	};
	objectVersion = 50;
	objects = {

/* Begin PBXBuildFile section */
		A578A5DF2248F270008E0FBD /* main.cpp in Sources */ = {isa = PBXBuildFile; fileRef = A578A5DE2248F270008E0FBD /* main.cpp */; };
		A578A5E72248F28E008E0FBD /* node.cpp in Sources */ = {isa = PBXBuildFile; fileRef = A578A5E52248F28E008E0FBD /* node.cpp */; };
		A578A5EA2248F297008E0FBD /* persona.cpp in Sources */ = {isa = PBXBuildFile; fileRef = A578A5E82248F297008E0FBD /* persona.cpp */; };
		A578A5ED2248F2A8008E0FBD /* arbolgen.cpp in Sources */ = {isa = PBXBuildFile; fileRef = A578A5EB2248F2A8008E0FBD /* arbolgen.cpp */; };
/* End PBXBuildFile section */

/* Begin PBXCopyFilesBuildPhase section */
		A578A5D92248F270008E0FBD /* CopyFiles */ = {
			isa = PBXCopyFilesBuildPhase;
			buildActionMask = 2147483647;
			dstPath = /usr/share/man/man1/;
			dstSubfolderSpec = 0;
			files = (
			);
			runOnlyForDeploymentPostprocessing = 1;
		};
/* End PBXCopyFilesBuildPhase section */

/* Begin PBXFileReference section */
		A578A5DB2248F270008E0FBD /* ArbolGenealogico */ = {isa = PBXFileReference; explicitFileType = "compiled.mach-o.executable"; includeInIndex = 0; path = ArbolGenealogico; sourceTree = BUILT_PRODUCTS_DIR; };
		A578A5DE2248F270008E0FBD /* main.cpp */ = {isa = PBXFileReference; lastKnownFileType = sourcecode.cpp.cpp; path = main.cpp; sourceTree = "<group>"; };
		A578A5E52248F28E008E0FBD /* node.cpp */ = {isa = PBXFileReference; lastKnownFileType = sourcecode.cpp.cpp; path = node.cpp; sourceTree = "<group>"; };
		A578A5E62248F28E008E0FBD /* node.hpp */ = {isa = PBXFileReference; lastKnownFileType = sourcecode.cpp.h; path = node.hpp; sourceTree = "<group>"; };
		A578A5E82248F297008E0FBD /* persona.cpp */ = {isa = PBXFileReference; lastKnownFileType = sourcecode.cpp.cpp; path = persona.cpp; sourceTree = "<group>"; };
		A578A5E92248F297008E0FBD /* persona.hpp */ = {isa = PBXFileReference; lastKnownFileType = sourcecode.cpp.h; path = persona.hpp; sourceTree = "<group>"; };
		A578A5EB2248F2A8008E0FBD /* arbolgen.cpp */ = {isa = PBXFileReference; lastKnownFileType = sourcecode.cpp.cpp; path = arbolgen.cpp; sourceTree = "<group>"; };
		A578A5EC2248F2A8008E0FBD /* arbolgen.hpp */ = {isa = PBXFileReference; lastKnownFileType = sourcecode.cpp.h; path = arbolgen.hpp; sourceTree = "<group>"; };
/* End PBXFileReference section */

/* Begin PBXFrameworksBuildPhase section */
		A578A5D82248F270008E0FBD /* Frameworks */ = {
			isa = PBXFrameworksBuildPhase;
			buildActionMask = 2147483647;
			files = (
			);
			runOnlyForDeploymentPostprocessing = 0;
		};
/* End PBXFrameworksBuildPhase section */

/* Begin PBXGroup section */
		A578A5D22248F270008E0FBD = {
			isa = PBXGroup;
			children = (
				A578A5DD2248F270008E0FBD /* ArbolGenealogico */,
				A578A5DC2248F270008E0FBD /* Products */,
			);
			sourceTree = "<group>";
		};
		A578A5DC2248F270008E0FBD /* Products */ = {
			isa = PBXGroup;
			children = (
				A578A5DB2248F270008E0FBD /* ArbolGenealogico */,
			);
			name = Products;
			sourceTree = "<group>";
		};
		A578A5DD2248F270008E0FBD /* ArbolGenealogico */ = {
			isa = PBXGroup;
			children = (
				A578A5DE2248F270008E0FBD /* main.cpp */,
				A578A5E52248F28E008E0FBD /* node.cpp */,
				A578A5E62248F28E008E0FBD /* node.hpp */,
				A578A5E82248F297008E0FBD /* persona.cpp */,
				A578A5E92248F297008E0FBD /* persona.hpp */,
				A578A5EB2248F2A8008E0FBD /* arbolgen.cpp */,
				A578A5EC2248F2A8008E0FBD /* arbolgen.hpp */,
			);
			path = ArbolGenealogico;
			sourceTree = "<group>";
		};
/* End PBXGroup section */

/* Begin PBXNativeTarget section */
		A578A5DA2248F270008E0FBD /* ArbolGenealogico */ = {
			isa = PBXNativeTarget;
			buildConfigurationList = A578A5E22248F270008E0FBD /* Build configuration list for PBXNativeTarget "ArbolGenealogico" */;
			buildPhases = (
				A578A5D72248F270008E0FBD /* Sources */,
				A578A5D82248F270008E0FBD /* Frameworks */,
				A578A5D92248F270008E0FBD /* CopyFiles */,
			);
			buildRules = (
			);
			dependencies = (
			);
			name = ArbolGenealogico;
			productName = ArbolGenealogico;
			productReference = A578A5DB2248F270008E0FBD /* ArbolGenealogico */;
			productType = "com.apple.product-type.tool";
		};
/* End PBXNativeTarget section */

/* Begin PBXProject section */
		A578A5D32248F270008E0FBD /* Project object */ = {
			isa = PBXProject;
			attributes = {
				LastUpgradeCheck = 1010;
				ORGANIZATIONNAME = "Rocio Ruiz Ruiz";
				TargetAttributes = {
					A578A5DA2248F270008E0FBD = {
						CreatedOnToolsVersion = 10.1;
					};
				};
			};
			buildConfigurationList = A578A5D62248F270008E0FBD /* Build configuration list for PBXProject "ArbolGenealogico" */;
			compatibilityVersion = "Xcode 9.3";
			developmentRegion = en;
			hasScannedForEncodings = 0;
			knownRegions = (
				en,
			);
			mainGroup = A578A5D22248F270008E0FBD;
			productRefGroup = A578A5DC2248F270008E0FBD /* Products */;
			projectDirPath = "";
			projectRoot = "";
			targets = (
				A578A5DA2248F270008E0FBD /* ArbolGenealogico */,
			);
		};
/* End PBXProject section */

/* Begin PBXSourcesBuildPhase section */
		A578A5D72248F270008E0FBD /* Sources */ = {
			isa = PBXSourcesBuildPhase;
			buildActionMask = 2147483647;
			files = (
				A578A5EA2248F297008E0FBD /* persona.cpp in Sources */,
				A578A5DF2248F270008E0FBD /* main.cpp in Sources */,
				A578A5E72248F28E008E0FBD /* node.cpp in Sources */,
				A578A5ED2248F2A8008E0FBD /* arbolgen.cpp in Sources */,
			);
			runOnlyForDeploymentPostprocessing = 0;
		};
/* End PBXSourcesBuildPhase section */

/* Begin XCBuildConfiguration section */
		A578A5E02248F270008E0FBD /* Debug */ = {
			isa = XCBuildConfiguration;
			buildSettings = {
				ALWAYS_SEARCH_USER_PATHS = NO;
				CLANG_ANALYZER_NONNULL = YES;
				CLANG_ANALYZER_NUMBER_OBJECT_CONVERSION = YES_AGGRESSIVE;
				CLANG_CXX_LANGUAGE_STANDARD = "gnu++14";
				CLANG_CXX_LIBRARY = "libc++";
				CLANG_ENABLE_MODULES = YES;
				CLANG_ENABLE_OBJC_ARC = YES;
				CLANG_ENABLE_OBJC_WEAK = YES;
				CLANG_WARN_BLOCK_CAPTURE_AUTORELEASING = YES;
				CLANG_WARN_BOOL_CONVERSION = YES;
				CLANG_WARN_COMMA = YES;
				CLANG_WARN_CONSTANT_CONVERSION = YES;
				CLANG_WARN_DEPRECATED_OBJC_IMPLEMENTATIONS = YES;
				CLANG_WARN_DIRECT_OBJC_ISA_USAGE = YES_ERROR;
				CLANG_WARN_DOCUMENTATION_COMMENTS = YES;
				CLANG_WARN_EMPTY_BODY = YES;
				CLANG_WARN_ENUM_CONVERSION = YES;
				CLANG_WARN_INFINITE_RECURSION = YES;
				CLANG_WARN_INT_CONVERSION = YES;
				CLANG_WARN_NON_LITERAL_NULL_CONVERSION = YES;
				CLANG_WARN_OBJC_IMPLICIT_RETAIN_SELF = YES;
				CLANG_WARN_OBJC_LITERAL_CONVERSION = YES;
				CLANG_WARN_OBJC_ROOT_CLASS = YES_ERROR;
				CLANG_WARN_RANGE_LOOP_ANALYSIS = YES;
				CLANG_WARN_STRICT_PROTOTYPES = YES;
				CLANG_WARN_SUSPICIOUS_MOVE = YES;
				CLANG_WARN_UNGUARDED_AVAILABILITY = YES_AGGRESSIVE;
				CLANG_WARN_UNREACHABLE_CODE = YES;
				CLANG_WARN__DUPLICATE_METHOD_MATCH = YES;
				CODE_SIGN_IDENTITY = "Mac Developer";
				COPY_PHASE_STRIP = NO;
				DEBUG_INFORMATION_FORMAT = dwarf;
				ENABLE_STRICT_OBJC_MSGSEND = YES;
				ENABLE_TESTABILITY = YES;
				GCC_C_LANGUAGE_STANDARD = gnu11;
				GCC_DYNAMIC_NO_PIC = NO;
				GCC_NO_COMMON_BLOCKS = YES;
				GCC_OPTIMIZATION_LEVEL = 0;
				GCC_PREPROCESSOR_DEFINITIONS = (
					"DEBUG=1",
					"$(inherited)",
				);
				GCC_WARN_64_TO_32_BIT_CONVERSION = YES;
				GCC_WARN_ABOUT_RETURN_TYPE = YES_ERROR;
				GCC_WARN_UNDECLARED_SELECTOR = YES;
				GCC_WARN_UNINITIALIZED_AUTOS = YES_AGGRESSIVE;
				GCC_WARN_UNUSED_FUNCTION = YES;
				GCC_WARN_UNUSED_VARIABLE = YES;
				MACOSX_DEPLOYMENT_TARGET = 10.13;
				MTL_ENABLE_DEBUG_INFO = INCLUDE_SOURCE;
				MTL_FAST_MATH = YES;
				ONLY_ACTIVE_ARCH = YES;
				SDKROOT = macosx;
			};
			name = Debug;
		};
		A578A5E12248F270008E0FBD /* Release */ = {
			isa = XCBuildConfiguration;
			buildSettings = {
				ALWAYS_SEARCH_USER_PATHS = NO;
				CLANG_ANALYZER_NONNULL = YES;
				CLANG_ANALYZER_NUMBER_OBJECT_CONVERSION = YES_AGGRESSIVE;
				CLANG_CXX_LANGUAGE_STANDARD = "gnu++14";
				CLANG_CXX_LIBRARY = "libc++";
				CLANG_ENABLE_MODULES = YES;
				CLANG_ENABLE_OBJC_ARC = YES;
				CLANG_ENABLE_OBJC_WEAK = YES;
				CLANG_WARN_BLOCK_CAPTURE_AUTORELEASING = YES;
				CLANG_WARN_BOOL_CONVERSION = YES;
				CLANG_WARN_COMMA = YES;
				CLANG_WARN_CONSTANT_CONVERSION = YES;
				CLANG_WARN_DEPRECATED_OBJC_IMPLEMENTATIONS = YES;
				CLANG_WARN_DIRECT_OBJC_ISA_USAGE = YES_ERROR;
				CLANG_WARN_DOCUMENTATION_COMMENTS = YES;
				CLANG_WARN_EMPTY_BODY = YES;
				CLANG_WARN_ENUM_CONVERSION = YES;
				CLANG_WARN_INFINITE_RECURSION = YES;
				CLANG_WARN_INT_CONVERSION = YES;
				CLANG_WARN_NON_LITERAL_NULL_CONVERSION = YES;
				CLANG_WARN_OBJC_IMPLICIT_RETAIN_SELF = YES;
				CLANG_WARN_OBJC_LITERAL_CONVERSION = YES;
				CLANG_WARN_OBJC_ROOT_CLASS = YES_ERROR;
				CLANG_WARN_RANGE_LOOP_ANALYSIS = YES;
				CLANG_WARN_STRICT_PROTOTYPES = YES;
				CLANG_WARN_SUSPICIOUS_MOVE = YES;
				CLANG_WARN_UNGUARDED_AVAILABILITY = YES_AGGRESSIVE;
				CLANG_WARN_UNREACHABLE_CODE = YES;
				CLANG_WARN__DUPLICATE_METHOD_MATCH = YES;
				CODE_SIGN_IDENTITY = "Mac Developer";
				COPY_PHASE_STRIP = NO;
				DEBUG_INFORMATION_FORMAT = "dwarf-with-dsym";
				ENABLE_NS_ASSERTIONS = NO;
				ENABLE_STRICT_OBJC_MSGSEND = YES;
				GCC_C_LANGUAGE_STANDARD = gnu11;
				GCC_NO_COMMON_BLOCKS = YES;
				GCC_WARN_64_TO_32_BIT_CONVERSION = YES;
				GCC_WARN_ABOUT_RETURN_TYPE = YES_ERROR;
				GCC_WARN_UNDECLARED_SELECTOR = YES;
				GCC_WARN_UNINITIALIZED_AUTOS = YES_AGGRESSIVE;
				GCC_WARN_UNUSED_FUNCTION = YES;
				GCC_WARN_UNUSED_VARIABLE = YES;
				MACOSX_DEPLOYMENT_TARGET = 10.13;
				MTL_ENABLE_DEBUG_INFO = NO;
				MTL_FAST_MATH = YES;
				SDKROOT = macosx;
			};
			name = Release;
		};
		A578A5E32248F270008E0FBD /* Debug */ = {
			isa = XCBuildConfiguration;
			buildSettings = {
				CODE_SIGN_STYLE = Automatic;
				DEVELOPMENT_TEAM = PUS756L854;
				PRODUCT_NAME = "$(TARGET_NAME)";
			};
			name = Debug;
		};
		A578A5E42248F270008E0FBD /* Release */ = {
			isa = XCBuildConfiguration;
			buildSettings = {
				CODE_SIGN_STYLE = Automatic;
				DEVELOPMENT_TEAM = PUS756L854;
				PRODUCT_NAME = "$(TARGET_NAME)";
			};
			name = Release;
		};
/* End XCBuildConfiguration section */

/* Begin XCConfigurationList section */
		A578A5D62248F270008E0FBD /* Build configuration list for PBXProject "ArbolGenealogico" */ = {
			isa = XCConfigurationList;
			buildConfigurations = (
				A578A5E02248F270008E0FBD /* Debug */,
				A578A5E12248F270008E0FBD /* Release */,
			);
			defaultConfigurationIsVisible = 0;
			defaultConfigurationName = Release;
		};
		A578A5E22248F270008E0FBD /* Build configuration list for PBXNativeTarget "ArbolGenealogico" */ = {
			isa = XCConfigurationList;
			buildConfigurations = (
				A578A5E32248F270008E0FBD /* Debug */,
				A578A5E42248F270008E0FBD /* Release */,
			);
			defaultConfigurationIsVisible = 0;
			defaultConfigurationName = Release;
		};
/* End XCConfigurationList section */
	};
	rootObject = A578A5D32248F270008E0FBD /* Project object */;
}
