// !$*UTF8*$!
{
	archiveVersion = 1;
	classes = {
	};
	objectVersion = 50;
	objects = {

/* Begin PBXBuildFile section */
		A57BE829226722DA00A766B3 /* main.cpp in Sources */ = {isa = PBXBuildFile; fileRef = A57BE828226722DA00A766B3 /* main.cpp */; };
		A57BE8312267230A00A766B3 /* estacion.cpp in Sources */ = {isa = PBXBuildFile; fileRef = A57BE82F2267230A00A766B3 /* estacion.cpp */; };
		A57BE83722672C8300A766B3 /* metro.cpp in Sources */ = {isa = PBXBuildFile; fileRef = A57BE83522672C8300A766B3 /* metro.cpp */; };
		A57BE83A22676D9500A766B3 /* data.cpp in Sources */ = {isa = PBXBuildFile; fileRef = A57BE83822676D9500A766B3 /* data.cpp */; };
/* End PBXBuildFile section */

/* Begin PBXCopyFilesBuildPhase section */
		A57BE823226722DA00A766B3 /* CopyFiles */ = {
			isa = PBXCopyFilesBuildPhase;
			buildActionMask = 2147483647;
			dstPath = /usr/share/man/man1/;
			dstSubfolderSpec = 0;
			files = (
			);
			runOnlyForDeploymentPostprocessing = 1;
		};
/* End PBXCopyFilesBuildPhase section */

/* Begin PBXFileReference section */
		A57BE825226722DA00A766B3 /* TrabajoMetroMadrid */ = {isa = PBXFileReference; explicitFileType = "compiled.mach-o.executable"; includeInIndex = 0; path = TrabajoMetroMadrid; sourceTree = BUILT_PRODUCTS_DIR; };
		A57BE828226722DA00A766B3 /* main.cpp */ = {isa = PBXFileReference; lastKnownFileType = sourcecode.cpp.cpp; path = main.cpp; sourceTree = "<group>"; };
		A57BE82F2267230A00A766B3 /* estacion.cpp */ = {isa = PBXFileReference; lastKnownFileType = sourcecode.cpp.cpp; path = estacion.cpp; sourceTree = "<group>"; };
		A57BE8302267230A00A766B3 /* estacion.hpp */ = {isa = PBXFileReference; lastKnownFileType = sourcecode.cpp.h; path = estacion.hpp; sourceTree = "<group>"; };
		A57BE83522672C8300A766B3 /* metro.cpp */ = {isa = PBXFileReference; lastKnownFileType = sourcecode.cpp.cpp; path = metro.cpp; sourceTree = "<group>"; };
		A57BE83622672C8300A766B3 /* metro.hpp */ = {isa = PBXFileReference; lastKnownFileType = sourcecode.cpp.h; path = metro.hpp; sourceTree = "<group>"; };
		A57BE83822676D9500A766B3 /* data.cpp */ = {isa = PBXFileReference; lastKnownFileType = sourcecode.cpp.cpp; path = data.cpp; sourceTree = "<group>"; };
		A57BE83922676D9500A766B3 /* data.hpp */ = {isa = PBXFileReference; lastKnownFileType = sourcecode.cpp.h; path = data.hpp; sourceTree = "<group>"; };
/* End PBXFileReference section */

/* Begin PBXFrameworksBuildPhase section */
		A57BE822226722DA00A766B3 /* Frameworks */ = {
			isa = PBXFrameworksBuildPhase;
			buildActionMask = 2147483647;
			files = (
			);
			runOnlyForDeploymentPostprocessing = 0;
		};
/* End PBXFrameworksBuildPhase section */

/* Begin PBXGroup section */
		A57BE81C226722DA00A766B3 = {
			isa = PBXGroup;
			children = (
				A57BE827226722DA00A766B3 /* TrabajoMetroMadrid */,
				A57BE826226722DA00A766B3 /* Products */,
			);
			sourceTree = "<group>";
		};
		A57BE826226722DA00A766B3 /* Products */ = {
			isa = PBXGroup;
			children = (
				A57BE825226722DA00A766B3 /* TrabajoMetroMadrid */,
			);
			name = Products;
			sourceTree = "<group>";
		};
		A57BE827226722DA00A766B3 /* TrabajoMetroMadrid */ = {
			isa = PBXGroup;
			children = (
				A57BE828226722DA00A766B3 /* main.cpp */,
				A57BE82F2267230A00A766B3 /* estacion.cpp */,
				A57BE8302267230A00A766B3 /* estacion.hpp */,
				A57BE83522672C8300A766B3 /* metro.cpp */,
				A57BE83622672C8300A766B3 /* metro.hpp */,
				A57BE83822676D9500A766B3 /* data.cpp */,
				A57BE83922676D9500A766B3 /* data.hpp */,
			);
			path = TrabajoMetroMadrid;
			sourceTree = "<group>";
		};
/* End PBXGroup section */

/* Begin PBXNativeTarget section */
		A57BE824226722DA00A766B3 /* TrabajoMetroMadrid */ = {
			isa = PBXNativeTarget;
			buildConfigurationList = A57BE82C226722DA00A766B3 /* Build configuration list for PBXNativeTarget "TrabajoMetroMadrid" */;
			buildPhases = (
				A57BE821226722DA00A766B3 /* Sources */,
				A57BE822226722DA00A766B3 /* Frameworks */,
				A57BE823226722DA00A766B3 /* CopyFiles */,
			);
			buildRules = (
			);
			dependencies = (
			);
			name = TrabajoMetroMadrid;
			productName = TrabajoMetroMadrid;
			productReference = A57BE825226722DA00A766B3 /* TrabajoMetroMadrid */;
			productType = "com.apple.product-type.tool";
		};
/* End PBXNativeTarget section */

/* Begin PBXProject section */
		A57BE81D226722DA00A766B3 /* Project object */ = {
			isa = PBXProject;
			attributes = {
				LastUpgradeCheck = 1010;
				ORGANIZATIONNAME = "Rocio Ruiz Ruiz";
				TargetAttributes = {
					A57BE824226722DA00A766B3 = {
						CreatedOnToolsVersion = 10.1;
					};
				};
			};
			buildConfigurationList = A57BE820226722DA00A766B3 /* Build configuration list for PBXProject "TrabajoMetroMadrid" */;
			compatibilityVersion = "Xcode 9.3";
			developmentRegion = en;
			hasScannedForEncodings = 0;
			knownRegions = (
				en,
			);
			mainGroup = A57BE81C226722DA00A766B3;
			productRefGroup = A57BE826226722DA00A766B3 /* Products */;
			projectDirPath = "";
			projectRoot = "";
			targets = (
				A57BE824226722DA00A766B3 /* TrabajoMetroMadrid */,
			);
		};
/* End PBXProject section */

/* Begin PBXSourcesBuildPhase section */
		A57BE821226722DA00A766B3 /* Sources */ = {
			isa = PBXSourcesBuildPhase;
			buildActionMask = 2147483647;
			files = (
				A57BE829226722DA00A766B3 /* main.cpp in Sources */,
				A57BE83722672C8300A766B3 /* metro.cpp in Sources */,
				A57BE8312267230A00A766B3 /* estacion.cpp in Sources */,
				A57BE83A22676D9500A766B3 /* data.cpp in Sources */,
			);
			runOnlyForDeploymentPostprocessing = 0;
		};
/* End PBXSourcesBuildPhase section */

/* Begin XCBuildConfiguration section */
		A57BE82A226722DA00A766B3 /* Debug */ = {
			isa = XCBuildConfiguration;
			buildSettings = {
				ALWAYS_SEARCH_USER_PATHS = NO;
				CLANG_ANALYZER_NONNULL = YES;
				CLANG_ANALYZER_NUMBER_OBJECT_CONVERSION = YES_AGGRESSIVE;
				CLANG_CXX_LANGUAGE_STANDARD = "gnu++14";
				CLANG_CXX_LIBRARY = "libc++";
				CLANG_ENABLE_MODULES = YES;
				CLANG_ENABLE_OBJC_ARC = YES;
				CLANG_ENABLE_OBJC_WEAK = YES;
				CLANG_WARN_BLOCK_CAPTURE_AUTORELEASING = YES;
				CLANG_WARN_BOOL_CONVERSION = YES;
				CLANG_WARN_COMMA = YES;
				CLANG_WARN_CONSTANT_CONVERSION = YES;
				CLANG_WARN_DEPRECATED_OBJC_IMPLEMENTATIONS = YES;
				CLANG_WARN_DIRECT_OBJC_ISA_USAGE = YES_ERROR;
				CLANG_WARN_DOCUMENTATION_COMMENTS = YES;
				CLANG_WARN_EMPTY_BODY = YES;
				CLANG_WARN_ENUM_CONVERSION = YES;
				CLANG_WARN_INFINITE_RECURSION = YES;
				CLANG_WARN_INT_CONVERSION = YES;
				CLANG_WARN_NON_LITERAL_NULL_CONVERSION = YES;
				CLANG_WARN_OBJC_IMPLICIT_RETAIN_SELF = YES;
				CLANG_WARN_OBJC_LITERAL_CONVERSION = YES;
				CLANG_WARN_OBJC_ROOT_CLASS = YES_ERROR;
				CLANG_WARN_RANGE_LOOP_ANALYSIS = YES;
				CLANG_WARN_STRICT_PROTOTYPES = YES;
				CLANG_WARN_SUSPICIOUS_MOVE = YES;
				CLANG_WARN_UNGUARDED_AVAILABILITY = YES_AGGRESSIVE;
				CLANG_WARN_UNREACHABLE_CODE = YES;
				CLANG_WARN__DUPLICATE_METHOD_MATCH = YES;
				CODE_SIGN_IDENTITY = "Mac Developer";
				COPY_PHASE_STRIP = NO;
				DEBUG_INFORMATION_FORMAT = dwarf;
				ENABLE_STRICT_OBJC_MSGSEND = YES;
				ENABLE_TESTABILITY = YES;
				GCC_C_LANGUAGE_STANDARD = gnu11;
				GCC_DYNAMIC_NO_PIC = NO;
				GCC_NO_COMMON_BLOCKS = YES;
				GCC_OPTIMIZATION_LEVEL = 0;
				GCC_PREPROCESSOR_DEFINITIONS = (
					"DEBUG=1",
					"$(inherited)",
				);
				GCC_WARN_64_TO_32_BIT_CONVERSION = YES;
				GCC_WARN_ABOUT_RETURN_TYPE = YES_ERROR;
				GCC_WARN_UNDECLARED_SELECTOR = YES;
				GCC_WARN_UNINITIALIZED_AUTOS = YES_AGGRESSIVE;
				GCC_WARN_UNUSED_FUNCTION = YES;
				GCC_WARN_UNUSED_VARIABLE = YES;
				MACOSX_DEPLOYMENT_TARGET = 10.13;
				MTL_ENABLE_DEBUG_INFO = INCLUDE_SOURCE;
				MTL_FAST_MATH = YES;
				ONLY_ACTIVE_ARCH = YES;
				SDKROOT = macosx;
			};
			name = Debug;
		};
		A57BE82B226722DA00A766B3 /* Release */ = {
			isa = XCBuildConfiguration;
			buildSettings = {
				ALWAYS_SEARCH_USER_PATHS = NO;
				CLANG_ANALYZER_NONNULL = YES;
				CLANG_ANALYZER_NUMBER_OBJECT_CONVERSION = YES_AGGRESSIVE;
				CLANG_CXX_LANGUAGE_STANDARD = "gnu++14";
				CLANG_CXX_LIBRARY = "libc++";
				CLANG_ENABLE_MODULES = YES;
				CLANG_ENABLE_OBJC_ARC = YES;
				CLANG_ENABLE_OBJC_WEAK = YES;
				CLANG_WARN_BLOCK_CAPTURE_AUTORELEASING = YES;
				CLANG_WARN_BOOL_CONVERSION = YES;
				CLANG_WARN_COMMA = YES;
				CLANG_WARN_CONSTANT_CONVERSION = YES;
				CLANG_WARN_DEPRECATED_OBJC_IMPLEMENTATIONS = YES;
				CLANG_WARN_DIRECT_OBJC_ISA_USAGE = YES_ERROR;
				CLANG_WARN_DOCUMENTATION_COMMENTS = YES;
				CLANG_WARN_EMPTY_BODY = YES;
				CLANG_WARN_ENUM_CONVERSION = YES;
				CLANG_WARN_INFINITE_RECURSION = YES;
				CLANG_WARN_INT_CONVERSION = YES;
				CLANG_WARN_NON_LITERAL_NULL_CONVERSION = YES;
				CLANG_WARN_OBJC_IMPLICIT_RETAIN_SELF = YES;
				CLANG_WARN_OBJC_LITERAL_CONVERSION = YES;
				CLANG_WARN_OBJC_ROOT_CLASS = YES_ERROR;
				CLANG_WARN_RANGE_LOOP_ANALYSIS = YES;
				CLANG_WARN_STRICT_PROTOTYPES = YES;
				CLANG_WARN_SUSPICIOUS_MOVE = YES;
				CLANG_WARN_UNGUARDED_AVAILABILITY = YES_AGGRESSIVE;
				CLANG_WARN_UNREACHABLE_CODE = YES;
				CLANG_WARN__DUPLICATE_METHOD_MATCH = YES;
				CODE_SIGN_IDENTITY = "Mac Developer";
				COPY_PHASE_STRIP = NO;
				DEBUG_INFORMATION_FORMAT = "dwarf-with-dsym";
				ENABLE_NS_ASSERTIONS = NO;
				ENABLE_STRICT_OBJC_MSGSEND = YES;
				GCC_C_LANGUAGE_STANDARD = gnu11;
				GCC_NO_COMMON_BLOCKS = YES;
				GCC_WARN_64_TO_32_BIT_CONVERSION = YES;
				GCC_WARN_ABOUT_RETURN_TYPE = YES_ERROR;
				GCC_WARN_UNDECLARED_SELECTOR = YES;
				GCC_WARN_UNINITIALIZED_AUTOS = YES_AGGRESSIVE;
				GCC_WARN_UNUSED_FUNCTION = YES;
				GCC_WARN_UNUSED_VARIABLE = YES;
				MACOSX_DEPLOYMENT_TARGET = 10.13;
				MTL_ENABLE_DEBUG_INFO = NO;
				MTL_FAST_MATH = YES;
				SDKROOT = macosx;
			};
			name = Release;
		};
		A57BE82D226722DA00A766B3 /* Debug */ = {
			isa = XCBuildConfiguration;
			buildSettings = {
				CODE_SIGN_STYLE = Automatic;
				DEVELOPMENT_TEAM = PUS756L854;
				PRODUCT_NAME = "$(TARGET_NAME)";
			};
			name = Debug;
		};
		A57BE82E226722DA00A766B3 /* Release */ = {
			isa = XCBuildConfiguration;
			buildSettings = {
				CODE_SIGN_STYLE = Automatic;
				DEVELOPMENT_TEAM = PUS756L854;
				PRODUCT_NAME = "$(TARGET_NAME)";
			};
			name = Release;
		};
/* End XCBuildConfiguration section */

/* Begin XCConfigurationList section */
		A57BE820226722DA00A766B3 /* Build configuration list for PBXProject "TrabajoMetroMadrid" */ = {
			isa = XCConfigurationList;
			buildConfigurations = (
				A57BE82A226722DA00A766B3 /* Debug */,
				A57BE82B226722DA00A766B3 /* Release */,
			);
			defaultConfigurationIsVisible = 0;
			defaultConfigurationName = Release;
		};
		A57BE82C226722DA00A766B3 /* Build configuration list for PBXNativeTarget "TrabajoMetroMadrid" */ = {
			isa = XCConfigurationList;
			buildConfigurations = (
				A57BE82D226722DA00A766B3 /* Debug */,
				A57BE82E226722DA00A766B3 /* Release */,
			);
			defaultConfigurationIsVisible = 0;
			defaultConfigurationName = Release;
		};
/* End XCConfigurationList section */
	};
	rootObject = A57BE81D226722DA00A766B3 /* Project object */;
}
